// !$*UTF8*$!
{ archiveVersion = 1; classes = {}; objectVersion = 56; objects = {
111111111111111111110001 = { isa = PBXFileReference; lastKnownFileType = "sourcecode.c.c"; path = "../../v4/src/i18n.c"; sourceTree = "<group>"; };
111111111111111111110002 = { isa = PBXBuildFile; fileRef = 111111111111111111110001; };
A172FF356C1F7FCE98301101 = { isa = PBXFileReference; lastKnownFileType = "sourcecode.swift"; path = "Maglava/Soundtrack.swift"; sourceTree = "<group>"; };
3C44CAA0061F9264210D08F1 = { isa = PBXBuildFile; fileRef = A172FF356C1F7FCE98301101; };
FE1F55CE3B112238074946ED = { isa = PBXFileReference; lastKnownFileType = "sourcecode.swift"; path = "MaglavaTests/MaglavaTests.swift"; sourceTree = "<group>"; };
E9B9D5BA49637D219DCEFFF2 = { isa = PBXBuildFile; fileRef = FE1F55CE3B112238074946ED; };
EBCB3269AE664DA776160967 = { isa = PBXFileReference; lastKnownFileType = "sourcecode.swift"; path = "Maglava/App.swift"; sourceTree = "<group>"; };
74501B183BB9EFD746293C45 = { isa = PBXBuildFile; fileRef = EBCB3269AE664DA776160967; };
D4FD2A16BDB8DC18EC68F9CB = { isa = PBXFileReference; lastKnownFileType = "sourcecode.swift"; path = "Maglava/GameScene.swift"; sourceTree = "<group>"; };
E47F9263961AC90C7D0DCDA4 = { isa = PBXBuildFile; fileRef = D4FD2A16BDB8DC18EC68F9CB; };
07006FC9170CD815B241E620 = { isa = PBXFileReference; lastKnownFileType = "sourcecode.c.c"; path = "../shared/mobile_core.c"; sourceTree = "<group>"; };
25CC0D4E3DD63AE76F15716B = { isa = PBXBuildFile; fileRef = 07006FC9170CD815B241E620; };
92C5CB58852367DD9ED6C6AF = { isa = PBXFileReference; lastKnownFileType = "sourcecode.c.c"; path = "../shared/presentation.c"; sourceTree = "<group>"; };
E17FBEA3DF5EF0A5179332C5 = { isa = PBXBuildFile; fileRef = 92C5CB58852367DD9ED6C6AF; };
AAE2D8C4434304FD7CAB2D8E = { isa = PBXFileReference; lastKnownFileType = "sourcecode.c.c"; path = "../shared/levels.c"; sourceTree = "<group>"; };
52BD3EDEBCFDE7C6B839C3F9 = { isa = PBXBuildFile; fileRef = AAE2D8C4434304FD7CAB2D8E; };
CD9D38D2F639D4BCEED0992A = { isa = PBXFileReference; lastKnownFileType = "sourcecode.c.c"; path = "../../v4/src/sim.c"; sourceTree = "<group>"; };
34076D6EBFCF1CE3ACD4DEC2 = { isa = PBXBuildFile; fileRef = CD9D38D2F639D4BCEED0992A; };
2BF0564170AA1E3CB505DC4D = { isa = PBXFileReference; lastKnownFileType = "sourcecode.c.h"; path = "Maglava/Bridge.h"; sourceTree = "<group>"; };
DB3386C8A50C43495EFE2352 = { isa = PBXFileReference; lastKnownFileType = "text.plist.xml"; path = "Maglava/Info.plist"; sourceTree = "<group>"; };
0051E43683CE773E87944B60 = { isa = PBXFileReference; lastKnownFileType = "text.xml"; path = "Maglava/PrivacyInfo.xcprivacy"; sourceTree = "<group>"; };
CDFAF5A2C2915FA563B180FE = { isa = PBXBuildFile; fileRef = 0051E43683CE773E87944B60; };
6362E8476E213ACA2793279C = { isa = PBXFileReference; lastKnownFileType = "file"; path = "../../v4/assets/fonts/Barlow-Medium.ttf"; sourceTree = "<group>"; };
BE2A46256D89360D2E4CCDB1 = { isa = PBXBuildFile; fileRef = 6362E8476E213ACA2793279C; };
2FA5E38D471EF0908D6234D5 = { isa = PBXFileReference; lastKnownFileType = "file"; path = "../../v4/assets/fonts/Barlow-SemiBold.ttf"; sourceTree = "<group>"; };
9ADD8A98EE2809D44809239C = { isa = PBXBuildFile; fileRef = 2FA5E38D471EF0908D6234D5; };
218D73569C977C7E8E1F7802 = { isa = PBXFileReference; lastKnownFileType = "text"; path = "../../v4/assets/fonts/OFL.txt"; sourceTree = "<group>"; };
3D7471C03C97FB9B044B5AD4 = { isa = PBXBuildFile; fileRef = 218D73569C977C7E8E1F7802; };
116E85039319D3EDD162964F = { isa = PBXFileReference; lastKnownFileType = "folder"; path = "../assets/Audio"; sourceTree = "<group>"; };
106AD85E46C31891039557AC = { isa = PBXBuildFile; fileRef = 116E85039319D3EDD162964F; };
E439716775AE700998795E16 = { isa = PBXFileReference; lastKnownFileType = "folder.assetcatalog"; path = "Maglava/Assets.xcassets"; sourceTree = "<group>"; };
93760F38DB055B2A19B08E90 = { isa = PBXBuildFile; fileRef = E439716775AE700998795E16; };
38A007151ABE87CC01A5B6E9 = { isa = PBXFileReference; explicitFileType = wrapper.application; path = Maglava.app; sourceTree = BUILT_PRODUCTS_DIR; };
FBDC4F23F93125BBEEAE800C = { isa = PBXGroup; children = (38A007151ABE87CC01A5B6E9,); name = Products; sourceTree = "<group>"; };
B28B7AF69320201D1CF206EB = { isa = PBXGroup; children = (111111111111111111110001,A172FF356C1F7FCE98301101,FE1F55CE3B112238074946ED,EBCB3269AE664DA776160967,D4FD2A16BDB8DC18EC68F9CB,07006FC9170CD815B241E620,92C5CB58852367DD9ED6C6AF,AAE2D8C4434304FD7CAB2D8E,CD9D38D2F639D4BCEED0992A,2BF0564170AA1E3CB505DC4D,DB3386C8A50C43495EFE2352,0051E43683CE773E87944B60,6362E8476E213ACA2793279C,2FA5E38D471EF0908D6234D5,218D73569C977C7E8E1F7802,116E85039319D3EDD162964F,E439716775AE700998795E16,FBDC4F23F93125BBEEAE800C,); sourceTree = "<group>"; };
BCE16DD0260827ECF338C787 = { isa = PBXSourcesBuildPhase; buildActionMask = 2147483647; files = (111111111111111111110002,3C44CAA0061F9264210D08F1,74501B183BB9EFD746293C45,E47F9263961AC90C7D0DCDA4,25CC0D4E3DD63AE76F15716B,E17FBEA3DF5EF0A5179332C5,52BD3EDEBCFDE7C6B839C3F9,34076D6EBFCF1CE3ACD4DEC2,); runOnlyForDeploymentPostprocessing = 0; };
0189424A5A60FED329FA868E = { isa = PBXResourcesBuildPhase; buildActionMask = 2147483647; files = (CDFAF5A2C2915FA563B180FE,BE2A46256D89360D2E4CCDB1,9ADD8A98EE2809D44809239C,3D7471C03C97FB9B044B5AD4,106AD85E46C31891039557AC,93760F38DB055B2A19B08E90,); runOnlyForDeploymentPostprocessing = 0; };
7561BFB015D8F536760CB671 = { isa = PBXFrameworksBuildPhase; buildActionMask = 2147483647; files = (); runOnlyForDeploymentPostprocessing = 0; };
9E59D42533DE13285D6EF994 = { isa = PBXShellScriptBuildPhase; buildActionMask = 2147483647; files = (); inputPaths = (); outputPaths = ("$(DERIVED_FILE_DIR)/levels_gen.h",); alwaysOutOfDate = 1; name = "Compile canonical level JSON"; shellPath = /bin/sh; shellScript = "set -eu\nexport PATH=\"/opt/homebrew/bin:/usr/local/bin:$PATH\"\npython3 \"$SRCROOT/../tools/generate_levels.py\" \"$DERIVED_FILE_DIR/levels_gen.h\"\n"; runOnlyForDeploymentPostprocessing = 0; };
89E1FD6268CC0F221A2BE178 = { isa = XCBuildConfiguration; name = Debug; buildSettings = { SDKROOT = iphoneos; IPHONEOS_DEPLOYMENT_TARGET = 16.0; CLANG_ENABLE_MODULES = YES; CLANG_ENABLE_OBJC_ARC = YES; GCC_C_LANGUAGE_STANDARD = c99; SWIFT_VERSION = 5.0; DEBUG_INFORMATION_FORMAT = "dwarf"; GCC_OPTIMIZATION_LEVEL = 0; }; };
7082CC0B6FC1282FCEABD07A = { isa = XCBuildConfiguration; name = Debug; buildSettings = { PRODUCT_NAME = "Maglava"; PRODUCT_BUNDLE_IDENTIFIER = "dev.fofo.maglava"; INFOPLIST_FILE = "Maglava/Info.plist"; SWIFT_OBJC_BRIDGING_HEADER = "Maglava/Bridge.h"; TARGETED_DEVICE_FAMILY = "1,2"; CODE_SIGN_STYLE = "Automatic"; ENABLE_USER_SCRIPT_SANDBOXING = "NO"; ENABLE_TESTABILITY = "YES"; SWIFT_OPTIMIZATION_LEVEL = "-Onone"; SWIFT_ACTIVE_COMPILATION_CONDITIONS = "DEBUG"; ASSETCATALOG_COMPILER_APPICON_NAME = "AppIcon"; SUPPORTED_PLATFORMS = "iphoneos iphonesimulator macosx"; SUPPORTS_MACCATALYST = "YES"; DERIVE_MACCATALYST_PRODUCT_BUNDLE_IDENTIFIER = "NO"; MACOSX_DEPLOYMENT_TARGET = "13.0"; DEVELOPMENT_TEAM = "6Y5SZ2K5XY"; "CODE_SIGN_ENTITLEMENTS[sdk=macosx*]" = Maglava/Maglava.entitlements; HEADER_SEARCH_PATHS = ("$(inherited)", "$(SRCROOT)/../shared", "$(DERIVED_FILE_DIR)", "$(SRCROOT)/../../v4/src"); }; };
E6DE6C99132752C914FEF632 = { isa = XCBuildConfiguration; name = Release; buildSettings = { SDKROOT = iphoneos; IPHONEOS_DEPLOYMENT_TARGET = 16.0; CLANG_ENABLE_MODULES = YES; CLANG_ENABLE_OBJC_ARC = YES; GCC_C_LANGUAGE_STANDARD = c99; SWIFT_VERSION = 5.0; DEBUG_INFORMATION_FORMAT = "dwarf-with-dsym"; GCC_OPTIMIZATION_LEVEL = s; }; };
639A7CA24D39909E713B47F7 = { isa = XCBuildConfiguration; name = Release; buildSettings = { PRODUCT_NAME = "Maglava"; PRODUCT_BUNDLE_IDENTIFIER = "dev.fofo.maglava"; INFOPLIST_FILE = "Maglava/Info.plist"; SWIFT_OBJC_BRIDGING_HEADER = "Maglava/Bridge.h"; TARGETED_DEVICE_FAMILY = "1,2"; CODE_SIGN_STYLE = "Automatic"; ENABLE_USER_SCRIPT_SANDBOXING = "NO"; ENABLE_TESTABILITY = "NO"; SWIFT_OPTIMIZATION_LEVEL = "-O"; SWIFT_ACTIVE_COMPILATION_CONDITIONS = ""; ASSETCATALOG_COMPILER_APPICON_NAME = "AppIcon"; SUPPORTED_PLATFORMS = "iphoneos iphonesimulator macosx"; SUPPORTS_MACCATALYST = "YES"; DERIVE_MACCATALYST_PRODUCT_BUNDLE_IDENTIFIER = "NO"; MACOSX_DEPLOYMENT_TARGET = "13.0"; DEVELOPMENT_TEAM = "6Y5SZ2K5XY"; "CODE_SIGN_ENTITLEMENTS[sdk=macosx*]" = Maglava/Maglava.entitlements; HEADER_SEARCH_PATHS = ("$(inherited)", "$(SRCROOT)/../shared", "$(DERIVED_FILE_DIR)", "$(SRCROOT)/../../v4/src"); }; };
FBD3510CED826C9DAA696E48 = { isa = XCConfigurationList; buildConfigurations = (89E1FD6268CC0F221A2BE178,E6DE6C99132752C914FEF632,); defaultConfigurationIsVisible = 0; defaultConfigurationName = Release; };
DBC1F132A3B6D94B1DF33607 = { isa = XCConfigurationList; buildConfigurations = (7082CC0B6FC1282FCEABD07A,639A7CA24D39909E713B47F7,); defaultConfigurationIsVisible = 0; defaultConfigurationName = Release; };
0E8A3AD980EC179856012B7E = { isa = PBXNativeTarget; buildConfigurationList = DBC1F132A3B6D94B1DF33607; buildPhases = (9E59D42533DE13285D6EF994,BCE16DD0260827ECF338C787,7561BFB015D8F536760CB671,0189424A5A60FED329FA868E,); buildRules = (); dependencies = (); name = Maglava; productName = Maglava; productReference = 38A007151ABE87CC01A5B6E9; productType = "com.apple.product-type.application"; };
B7480EC88B7F22D0A4757273 = { isa = PBXFileReference; explicitFileType = wrapper.cfbundle; path = MaglavaTests.xctest; sourceTree = BUILT_PRODUCTS_DIR; };
30F416E6C342BEB0B66F9005 = { isa = PBXSourcesBuildPhase; buildActionMask = 2147483647; files = (E9B9D5BA49637D219DCEFFF2,); runOnlyForDeploymentPostprocessing = 0; };
D799BAE6088A90139B415FCC = { isa = PBXContainerItemProxy; containerPortal = 98F54143AB4E86B28C3AFEE0; proxyType = 1; remoteGlobalIDString = 0E8A3AD980EC179856012B7E; remoteInfo = Maglava; };
DE58E2B17C19600779694943 = { isa = PBXTargetDependency; target = 0E8A3AD980EC179856012B7E; targetProxy = D799BAE6088A90139B415FCC; };
FCB48D8F88BCDB0ED9FADFD7 = { isa = XCBuildConfiguration; name = Debug; buildSettings = { PRODUCT_NAME = MaglavaTests; PRODUCT_BUNDLE_IDENTIFIER = dev.fofo.maglava.tests; GENERATE_INFOPLIST_FILE = YES; TEST_HOST = "$(BUILT_PRODUCTS_DIR)/Maglava.app/Maglava"; BUNDLE_LOADER = "$(TEST_HOST)"; HEADER_SEARCH_PATHS = ("$(inherited)", "$(SRCROOT)/../shared", "$(SRCROOT)/../../v4/src"); TARGETED_DEVICE_FAMILY = "1,2"; CODE_SIGN_STYLE = Automatic; SWIFT_VERSION = 5.0; SWIFT_OPTIMIZATION_LEVEL = "-Onone"; }; };
942EEBBACD6C88CAE7F29B29 = { isa = XCBuildConfiguration; name = Release; buildSettings = { PRODUCT_NAME = MaglavaTests; PRODUCT_BUNDLE_IDENTIFIER = dev.fofo.maglava.tests; GENERATE_INFOPLIST_FILE = YES; TEST_HOST = "$(BUILT_PRODUCTS_DIR)/Maglava.app/Maglava"; BUNDLE_LOADER = "$(TEST_HOST)"; HEADER_SEARCH_PATHS = ("$(inherited)", "$(SRCROOT)/../shared", "$(SRCROOT)/../../v4/src"); TARGETED_DEVICE_FAMILY = "1,2"; CODE_SIGN_STYLE = Automatic; SWIFT_VERSION = 5.0; SWIFT_OPTIMIZATION_LEVEL = "-Onone"; }; };
57950A58A4374066B2AF45DD = { isa = XCConfigurationList; buildConfigurations = (FCB48D8F88BCDB0ED9FADFD7,942EEBBACD6C88CAE7F29B29,); defaultConfigurationIsVisible = 0; defaultConfigurationName = Debug; };
0A06C5E2DA34E686D888A695 = { isa = PBXNativeTarget; buildConfigurationList = 57950A58A4374066B2AF45DD; buildPhases = (30F416E6C342BEB0B66F9005,); buildRules = (); dependencies = (DE58E2B17C19600779694943,); name = MaglavaTests; productName = MaglavaTests; productReference = B7480EC88B7F22D0A4757273; productType = "com.apple.product-type.bundle.unit-test"; };
98F54143AB4E86B28C3AFEE0 = { isa = PBXProject; attributes = { LastUpgradeCheck = 1640; }; buildConfigurationList = FBD3510CED826C9DAA696E48; compatibilityVersion = "Xcode 14.0"; developmentRegion = en; knownRegions = (en, Base); mainGroup = B28B7AF69320201D1CF206EB; productRefGroup = FBDC4F23F93125BBEEAE800C; projectDirPath = ""; projectRoot = ""; targets = (0E8A3AD980EC179856012B7E,0A06C5E2DA34E686D888A695,); };
}; rootObject = 98F54143AB4E86B28C3AFEE0; }
